
Microsoft Visual Studio Solution File, Format Version 12.00
Project("{FAE04EC0-301F-11D3-BF4B-00C04F79EFBC}") = "ZorbitHashLib", "ZorbitHashLib\ZorbitHashLib.csproj", "{90F0F4C0-89F2-48E8-8435-FB6898199768}"
EndProject
Project("{FAE04EC0-301F-11D3-BF4B-00C04F79EFBC}") = "ZorbitHashLibTest", "ZorbitHashLibTest\ZorbitHashLibTest.csproj", "{6BD1B447-4D20-478A-8DB7-C3EED56859AA}"
EndProject
Global
	GlobalSection(SolutionConfigurationPlatforms) = preSolution
		Debug|Any CPU = Debug|Any CPU
		Release|Any CPU = Release|Any CPU
	EndGlobalSection
	GlobalSection(ProjectConfigurationPlatforms) = postSolution
		{90F0F4C0-89F2-48E8-8435-FB6898199768}.Debug|Any CPU.ActiveCfg = Debug|Any CPU
		{90F0F4C0-89F2-48E8-8435-FB6898199768}.Debug|Any CPU.Build.0 = Debug|Any CPU
		{90F0F4C0-89F2-48E8-8435-FB6898199768}.Release|Any CPU.ActiveCfg = Release|Any CPU
		{90F0F4C0-89F2-48E8-8435-FB6898199768}.Release|Any CPU.Build.0 = Release|Any CPU
		{6BD1B447-4D20-478A-8DB7-C3EED56859AA}.Debug|Any CPU.ActiveCfg = Debug|Any CPU
		{6BD1B447-4D20-478A-8DB7-C3EED56859AA}.Debug|Any CPU.Build.0 = Debug|Any CPU
		{6BD1B447-4D20-478A-8DB7-C3EED56859AA}.Release|Any CPU.ActiveCfg = Release|Any CPU
		{6BD1B447-4D20-478A-8DB7-C3EED56859AA}.Release|Any CPU.Build.0 = Release|Any CPU
	EndGlobalSection
EndGlobal
